
Microsoft Visual Studio Solution File, Format Version 12.00
# Visual Studio Version 16
VisualStudioVersion = 16.0.31605.320
MinimumVisualStudioVersion = 10.0.40219.1
Project("{FAE04EC0-301F-11D3-BF4B-00C04F79EFBC}") = "Simuladorcredito.Web", "Simuladorcredito.Web\Simuladorcredito.Web.csproj", "{23575771-466D-45A3-843A-4C3E11A3AA1B}"
EndProject
Global
	GlobalSection(SolutionConfigurationPlatforms) = preSolution
		Debug|Any CPU = Debug|Any CPU
		Release|Any CPU = Release|Any CPU
	EndGlobalSection
	GlobalSection(ProjectConfigurationPlatforms) = postSolution
		{23575771-466D-45A3-843A-4C3E11A3AA1B}.Debug|Any CPU.ActiveCfg = Debug|Any CPU
		{23575771-466D-45A3-843A-4C3E11A3AA1B}.Debug|Any CPU.Build.0 = Debug|Any CPU
		{23575771-466D-45A3-843A-4C3E11A3AA1B}.Release|Any CPU.ActiveCfg = Release|Any CPU
		{23575771-466D-45A3-843A-4C3E11A3AA1B}.Release|Any CPU.Build.0 = Release|Any CPU
	EndGlobalSection
	GlobalSection(SolutionProperties) = preSolution
		HideSolutionNode = FALSE
	EndGlobalSection
	GlobalSection(ExtensibilityGlobals) = postSolution
		SolutionGuid = {0C21B93A-4247-4D10-A71F-35FF035FB342}
	EndGlobalSection
EndGlobal
